
Microsoft Visual Studio Solution File, Format Version 12.00
# Visual Studio Express 2013 for Web
VisualStudioVersion = 12.0.31101.0
MinimumVisualStudioVersion = 10.0.40219.1
Project("{FAE04EC0-301F-11D3-BF4B-00C04F79EFBC}") = "Data", "Data\Data.csproj", "{7294F92B-3D07-4804-9714-FE57A169BE7D}"
EndProject
Project("{FAE04EC0-301F-11D3-BF4B-00C04F79EFBC}") = "Admin", "Admin\Admin.csproj", "{C86E542B-7DE9-4381-A254-7BEEED16B425}"
EndProject
Global
	GlobalSection(SolutionConfigurationPlatforms) = preSolution
		Debug|Any CPU = Debug|Any CPU
		Release|Any CPU = Release|Any CPU
	EndGlobalSection
	GlobalSection(ProjectConfigurationPlatforms) = postSolution
		{7294F92B-3D07-4804-9714-FE57A169BE7D}.Debug|Any CPU.ActiveCfg = Debug|Any CPU
		{7294F92B-3D07-4804-9714-FE57A169BE7D}.Debug|Any CPU.Build.0 = Debug|Any CPU
		{7294F92B-3D07-4804-9714-FE57A169BE7D}.Release|Any CPU.ActiveCfg = Release|Any CPU
		{7294F92B-3D07-4804-9714-FE57A169BE7D}.Release|Any CPU.Build.0 = Release|Any CPU
		{C86E542B-7DE9-4381-A254-7BEEED16B425}.Debug|Any CPU.ActiveCfg = Debug|Any CPU
		{C86E542B-7DE9-4381-A254-7BEEED16B425}.Debug|Any CPU.Build.0 = Debug|Any CPU
		{C86E542B-7DE9-4381-A254-7BEEED16B425}.Release|Any CPU.ActiveCfg = Release|Any CPU
		{C86E542B-7DE9-4381-A254-7BEEED16B425}.Release|Any CPU.Build.0 = Release|Any CPU
	EndGlobalSection
	GlobalSection(SolutionProperties) = preSolution
		HideSolutionNode = FALSE
	EndGlobalSection
EndGlobal
